// !$*UTF8*$!
{
	archiveVersion = 1;
	classes = {
	};
	objectVersion = 50;
	objects = {

/* Begin PBXBuildFile section */
		ED9BCA3220DF977A00B29349 /* AppDelegate.swift in Sources */ = {isa = PBXBuildFile; fileRef = ED9BCA3120DF977A00B29349 /* AppDelegate.swift */; };
		ED9BCA3420DF977A00B29349 /* ViewController.swift in Sources */ = {isa = PBXBuildFile; fileRef = ED9BCA3320DF977A00B29349 /* ViewController.swift */; };
		ED9BCA3720DF977A00B29349 /* Main.storyboard in Resources */ = {isa = PBXBuildFile; fileRef = ED9BCA3520DF977A00B29349 /* Main.storyboard */; };
		ED9BCA3920DF977F00B29349 /* Assets.xcassets in Resources */ = {isa = PBXBuildFile; fileRef = ED9BCA3820DF977F00B29349 /* Assets.xcassets */; };
		ED9BCA3C20DF977F00B29349 /* LaunchScreen.storyboard in Resources */ = {isa = PBXBuildFile; fileRef = ED9BCA3A20DF977F00B29349 /* LaunchScreen.storyboard */; };
		ED9BCA4420DFBA5200B29349 /* FeedItem.swift in Sources */ = {isa = PBXBuildFile; fileRef = ED9BCA4320DFBA5200B29349 /* FeedItem.swift */; };
/* End PBXBuildFile section */

/* Begin PBXFileReference section */
		ED9BCA2E20DF977A00B29349 /* RSSReaderApp.app */ = {isa = PBXFileReference; explicitFileType = wrapper.application; includeInIndex = 0; path = RSSReaderApp.app; sourceTree = BUILT_PRODUCTS_DIR; };
		ED9BCA3120DF977A00B29349 /* AppDelegate.swift */ = {isa = PBXFileReference; lastKnownFileType = sourcecode.swift; path = AppDelegate.swift; sourceTree = "<group>"; };
		ED9BCA3320DF977A00B29349 /* ViewController.swift */ = {isa = PBXFileReference; lastKnownFileType = sourcecode.swift; path = ViewController.swift; sourceTree = "<group>"; };
		ED9BCA3620DF977A00B29349 /* Base */ = {isa = PBXFileReference; lastKnownFileType = file.storyboard; name = Base; path = Base.lproj/Main.storyboard; sourceTree = "<group>"; };
		ED9BCA3820DF977F00B29349 /* Assets.xcassets */ = {isa = PBXFileReference; lastKnownFileType = folder.assetcatalog; path = Assets.xcassets; sourceTree = "<group>"; };
		ED9BCA3B20DF977F00B29349 /* Base */ = {isa = PBXFileReference; lastKnownFileType = file.storyboard; name = Base; path = Base.lproj/LaunchScreen.storyboard; sourceTree = "<group>"; };
		ED9BCA3D20DF977F00B29349 /* Info.plist */ = {isa = PBXFileReference; lastKnownFileType = text.plist.xml; path = Info.plist; sourceTree = "<group>"; };
		ED9BCA4320DFBA5200B29349 /* FeedItem.swift */ = {isa = PBXFileReference; lastKnownFileType = sourcecode.swift; path = FeedItem.swift; sourceTree = "<group>"; };
/* End PBXFileReference section */

/* Begin PBXFrameworksBuildPhase section */
		ED9BCA2B20DF977A00B29349 /* Frameworks */ = {
			isa = PBXFrameworksBuildPhase;
			buildActionMask = 2147483647;
			files = (
			);
			runOnlyForDeploymentPostprocessing = 0;
		};
/* End PBXFrameworksBuildPhase section */

/* Begin PBXGroup section */
		ED9BCA2520DF977A00B29349 = {
			isa = PBXGroup;
			children = (
				ED9BCA3020DF977A00B29349 /* RSSReaderApp */,
				ED9BCA2F20DF977A00B29349 /* Products */,
			);
			sourceTree = "<group>";
		};
		ED9BCA2F20DF977A00B29349 /* Products */ = {
			isa = PBXGroup;
			children = (
				ED9BCA2E20DF977A00B29349 /* RSSReaderApp.app */,
			);
			name = Products;
			sourceTree = "<group>";
		};
		ED9BCA3020DF977A00B29349 /* RSSReaderApp */ = {
			isa = PBXGroup;
			children = (
				ED9BCA3120DF977A00B29349 /* AppDelegate.swift */,
				ED9BCA3320DF977A00B29349 /* ViewController.swift */,
				ED9BCA4320DFBA5200B29349 /* FeedItem.swift */,
				ED9BCA3520DF977A00B29349 /* Main.storyboard */,
				ED9BCA3820DF977F00B29349 /* Assets.xcassets */,
				ED9BCA3A20DF977F00B29349 /* LaunchScreen.storyboard */,
				ED9BCA3D20DF977F00B29349 /* Info.plist */,
			);
			path = RSSReaderApp;
			sourceTree = "<group>";
		};
/* End PBXGroup section */

/* Begin PBXNativeTarget section */
		ED9BCA2D20DF977A00B29349 /* RSSReaderApp */ = {
			isa = PBXNativeTarget;
			buildConfigurationList = ED9BCA4020DF977F00B29349 /* Build configuration list for PBXNativeTarget "RSSReaderApp" */;
			buildPhases = (
				ED9BCA2A20DF977A00B29349 /* Sources */,
				ED9BCA2B20DF977A00B29349 /* Frameworks */,
				ED9BCA2C20DF977A00B29349 /* Resources */,
			);
			buildRules = (
			);
			dependencies = (
			);
			name = RSSReaderApp;
			productName = RSSReaderApp;
			productReference = ED9BCA2E20DF977A00B29349 /* RSSReaderApp.app */;
			productType = "com.apple.product-type.application";
		};
/* End PBXNativeTarget section */

/* Begin PBXProject section */
		ED9BCA2620DF977A00B29349 /* Project object */ = {
			isa = PBXProject;
			attributes = {
				LastSwiftUpdateCheck = 0940;
				LastUpgradeCheck = 0940;
				ORGANIZATIONNAME = feb19;
				TargetAttributes = {
					ED9BCA2D20DF977A00B29349 = {
						CreatedOnToolsVersion = 9.4.1;
					};
				};
			};
			buildConfigurationList = ED9BCA2920DF977A00B29349 /* Build configuration list for PBXProject "RSSReaderApp" */;
			compatibilityVersion = "Xcode 9.3";
			developmentRegion = en;
			hasScannedForEncodings = 0;
			knownRegions = (
				en,
				Base,
			);
			mainGroup = ED9BCA2520DF977A00B29349;
			productRefGroup = ED9BCA2F20DF977A00B29349 /* Products */;
			projectDirPath = "";
			projectRoot = "";
			targets = (
				ED9BCA2D20DF977A00B29349 /* RSSReaderApp */,
			);
		};
/* End PBXProject section */

/* Begin PBXResourcesBuildPhase section */
		ED9BCA2C20DF977A00B29349 /* Resources */ = {
			isa = PBXResourcesBuildPhase;
			buildActionMask = 2147483647;
			files = (
				ED9BCA3C20DF977F00B29349 /* LaunchScreen.storyboard in Resources */,
				ED9BCA3920DF977F00B29349 /* Assets.xcassets in Resources */,
				ED9BCA3720DF977A00B29349 /* Main.storyboard in Resources */,
			);
			runOnlyForDeploymentPostprocessing = 0;
		};
/* End PBXResourcesBuildPhase section */

/* Begin PBXSourcesBuildPhase section */
		ED9BCA2A20DF977A00B29349 /* Sources */ = {
			isa = PBXSourcesBuildPhase;
			buildActionMask = 2147483647;
			files = (
				ED9BCA3420DF977A00B29349 /* ViewController.swift in Sources */,
				ED9BCA3220DF977A00B29349 /* AppDelegate.swift in Sources */,
				ED9BCA4420DFBA5200B29349 /* FeedItem.swift in Sources */,
			);
			runOnlyForDeploymentPostprocessing = 0;
		};
/* End PBXSourcesBuildPhase section */

/* Begin PBXVariantGroup section */
		ED9BCA3520DF977A00B29349 /* Main.storyboard */ = {
			isa = PBXVariantGroup;
			children = (
				ED9BCA3620DF977A00B29349 /* Base */,
			);
			name = Main.storyboard;
			sourceTree = "<group>";
		};
		ED9BCA3A20DF977F00B29349 /* LaunchScreen.storyboard */ = {
			isa = PBXVariantGroup;
			children = (
				ED9BCA3B20DF977F00B29349 /* Base */,
			);
			name = LaunchScreen.storyboard;
			sourceTree = "<group>";
		};
/* End PBXVariantGroup section */

/* Begin XCBuildConfiguration section */
		ED9BCA3E20DF977F00B29349 /* Debug */ = {
			isa = XCBuildConfiguration;
			buildSettings = {
				ALWAYS_SEARCH_USER_PATHS = NO;
				CLANG_ANALYZER_NONNULL = YES;
				CLANG_ANALYZER_NUMBER_OBJECT_CONVERSION = YES_AGGRESSIVE;
				CLANG_CXX_LANGUAGE_STANDARD = "gnu++14";
				CLANG_CXX_LIBRARY = "libc++";
				CLANG_ENABLE_MODULES = YES;
				CLANG_ENABLE_OBJC_ARC = YES;
				CLANG_ENABLE_OBJC_WEAK = YES;
				CLANG_WARN_BLOCK_CAPTURE_AUTORELEASING = YES;
				CLANG_WARN_BOOL_CONVERSION = YES;
				CLANG_WARN_COMMA = YES;
				CLANG_WARN_CONSTANT_CONVERSION = YES;
				CLANG_WARN_DEPRECATED_OBJC_IMPLEMENTATIONS = YES;
				CLANG_WARN_DIRECT_OBJC_ISA_USAGE = YES_ERROR;
				CLANG_WARN_DOCUMENTATION_COMMENTS = YES;
				CLANG_WARN_EMPTY_BODY = YES;
				CLANG_WARN_ENUM_CONVERSION = YES;
				CLANG_WARN_INFINITE_RECURSION = YES;
				CLANG_WARN_INT_CONVERSION = YES;
				CLANG_WARN_NON_LITERAL_NULL_CONVERSION = YES;
				CLANG_WARN_OBJC_IMPLICIT_RETAIN_SELF = YES;
				CLANG_WARN_OBJC_LITERAL_CONVERSION = YES;
				CLANG_WARN_OBJC_ROOT_CLASS = YES_ERROR;
				CLANG_WARN_RANGE_LOOP_ANALYSIS = YES;
				CLANG_WARN_STRICT_PROTOTYPES = YES;
				CLANG_WARN_SUSPICIOUS_MOVE = YES;
				CLANG_WARN_UNGUARDED_AVAILABILITY = YES_AGGRESSIVE;
				CLANG_WARN_UNREACHABLE_CODE = YES;
				CLANG_WARN__DUPLICATE_METHOD_MATCH = YES;
				CODE_SIGN_IDENTITY = "iPhone Developer";
				COPY_PHASE_STRIP = NO;
				DEBUG_INFORMATION_FORMAT = dwarf;
				ENABLE_STRICT_OBJC_MSGSEND = YES;
				ENABLE_TESTABILITY = YES;
				GCC_C_LANGUAGE_STANDARD = gnu11;
				GCC_DYNAMIC_NO_PIC = NO;
				GCC_NO_COMMON_BLOCKS = YES;
				GCC_OPTIMIZATION_LEVEL = 0;
				GCC_PREPROCESSOR_DEFINITIONS = (
					"DEBUG=1",
					"$(inherited)",
				);
				GCC_WARN_64_TO_32_BIT_CONVERSION = YES;
				GCC_WARN_ABOUT_RETURN_TYPE = YES_ERROR;
				GCC_WARN_UNDECLARED_SELECTOR = YES;
				GCC_WARN_UNINITIALIZED_AUTOS = YES_AGGRESSIVE;
				GCC_WARN_UNUSED_FUNCTION = YES;
				GCC_WARN_UNUSED_VARIABLE = YES;
				IPHONEOS_DEPLOYMENT_TARGET = 11.4;
				MTL_ENABLE_DEBUG_INFO = YES;
				ONLY_ACTIVE_ARCH = YES;
				SDKROOT = iphoneos;
				SWIFT_ACTIVE_COMPILATION_CONDITIONS = DEBUG;
				SWIFT_OPTIMIZATION_LEVEL = "-Onone";
			};
			name = Debug;
		};
		ED9BCA3F20DF977F00B29349 /* Release */ = {
			isa = XCBuildConfiguration;
			buildSettings = {
				ALWAYS_SEARCH_USER_PATHS = NO;
				CLANG_ANALYZER_NONNULL = YES;
				CLANG_ANALYZER_NUMBER_OBJECT_CONVERSION = YES_AGGRESSIVE;
				CLANG_CXX_LANGUAGE_STANDARD = "gnu++14";
				CLANG_CXX_LIBRARY = "libc++";
				CLANG_ENABLE_MODULES = YES;
				CLANG_ENABLE_OBJC_ARC = YES;
				CLANG_ENABLE_OBJC_WEAK = YES;
				CLANG_WARN_BLOCK_CAPTURE_AUTORELEASING = YES;
				CLANG_WARN_BOOL_CONVERSION = YES;
				CLANG_WARN_COMMA = YES;
				CLANG_WARN_CONSTANT_CONVERSION = YES;
				CLANG_WARN_DEPRECATED_OBJC_IMPLEMENTATIONS = YES;
				CLANG_WARN_DIRECT_OBJC_ISA_USAGE = YES_ERROR;
				CLANG_WARN_DOCUMENTATION_COMMENTS = YES;
				CLANG_WARN_EMPTY_BODY = YES;
				CLANG_WARN_ENUM_CONVERSION = YES;
				CLANG_WARN_INFINITE_RECURSION = YES;
				CLANG_WARN_INT_CONVERSION = YES;
				CLANG_WARN_NON_LITERAL_NULL_CONVERSION = YES;
				CLANG_WARN_OBJC_IMPLICIT_RETAIN_SELF = YES;
				CLANG_WARN_OBJC_LITERAL_CONVERSION = YES;
				CLANG_WARN_OBJC_ROOT_CLASS = YES_ERROR;
				CLANG_WARN_RANGE_LOOP_ANALYSIS = YES;
				CLANG_WARN_STRICT_PROTOTYPES = YES;
				CLANG_WARN_SUSPICIOUS_MOVE = YES;
				CLANG_WARN_UNGUARDED_AVAILABILITY = YES_AGGRESSIVE;
				CLANG_WARN_UNREACHABLE_CODE = YES;
				CLANG_WARN__DUPLICATE_METHOD_MATCH = YES;
				CODE_SIGN_IDENTITY = "iPhone Developer";
				COPY_PHASE_STRIP = NO;
				DEBUG_INFORMATION_FORMAT = "dwarf-with-dsym";
				ENABLE_NS_ASSERTIONS = NO;
				ENABLE_STRICT_OBJC_MSGSEND = YES;
				GCC_C_LANGUAGE_STANDARD = gnu11;
				GCC_NO_COMMON_BLOCKS = YES;
				GCC_WARN_64_TO_32_BIT_CONVERSION = YES;
				GCC_WARN_ABOUT_RETURN_TYPE = YES_ERROR;
				GCC_WARN_UNDECLARED_SELECTOR = YES;
				GCC_WARN_UNINITIALIZED_AUTOS = YES_AGGRESSIVE;
				GCC_WARN_UNUSED_FUNCTION = YES;
				GCC_WARN_UNUSED_VARIABLE = YES;
				IPHONEOS_DEPLOYMENT_TARGET = 11.4;
				MTL_ENABLE_DEBUG_INFO = NO;
				SDKROOT = iphoneos;
				SWIFT_COMPILATION_MODE = wholemodule;
				SWIFT_OPTIMIZATION_LEVEL = "-O";
				VALIDATE_PRODUCT = YES;
			};
			name = Release;
		};
		ED9BCA4120DF977F00B29349 /* Debug */ = {
			isa = XCBuildConfiguration;
			buildSettings = {
				ASSETCATALOG_COMPILER_APPICON_NAME = AppIcon;
				CODE_SIGN_STYLE = Automatic;
				DEVELOPMENT_TEAM = LPN23T94U7;
				INFOPLIST_FILE = RSSReaderApp/Info.plist;
				LD_RUNPATH_SEARCH_PATHS = (
					"$(inherited)",
					"@executable_path/Frameworks",
				);
				PRODUCT_BUNDLE_IDENTIFIER = jp.feb19.RSSReaderApp;
				PRODUCT_NAME = "$(TARGET_NAME)";
				SWIFT_VERSION = 4.0;
				TARGETED_DEVICE_FAMILY = "1,2";
			};
			name = Debug;
		};
		ED9BCA4220DF977F00B29349 /* Release */ = {
			isa = XCBuildConfiguration;
			buildSettings = {
				ASSETCATALOG_COMPILER_APPICON_NAME = AppIcon;
				CODE_SIGN_STYLE = Automatic;
				DEVELOPMENT_TEAM = LPN23T94U7;
				INFOPLIST_FILE = RSSReaderApp/Info.plist;
				LD_RUNPATH_SEARCH_PATHS = (
					"$(inherited)",
					"@executable_path/Frameworks",
				);
				PRODUCT_BUNDLE_IDENTIFIER = jp.feb19.RSSReaderApp;
				PRODUCT_NAME = "$(TARGET_NAME)";
				SWIFT_VERSION = 4.0;
				TARGETED_DEVICE_FAMILY = "1,2";
			};
			name = Release;
		};
/* End XCBuildConfiguration section */

/* Begin XCConfigurationList section */
		ED9BCA2920DF977A00B29349 /* Build configuration list for PBXProject "RSSReaderApp" */ = {
			isa = XCConfigurationList;
			buildConfigurations = (
				ED9BCA3E20DF977F00B29349 /* Debug */,
				ED9BCA3F20DF977F00B29349 /* Release */,
			);
			defaultConfigurationIsVisible = 0;
			defaultConfigurationName = Release;
		};
		ED9BCA4020DF977F00B29349 /* Build configuration list for PBXNativeTarget "RSSReaderApp" */ = {
			isa = XCConfigurationList;
			buildConfigurations = (
				ED9BCA4120DF977F00B29349 /* Debug */,
				ED9BCA4220DF977F00B29349 /* Release */,
			);
			defaultConfigurationIsVisible = 0;
			defaultConfigurationName = Release;
		};
/* End XCConfigurationList section */
	};
	rootObject = ED9BCA2620DF977A00B29349 /* Project object */;
}
